
Microsoft Visual Studio Solution File, Format Version 12.00
# Visual Studio Version 17
VisualStudioVersion = 17.7.34221.43
MinimumVisualStudioVersion = 10.0.40219.1
Project("{FAE04EC0-301F-11D3-BF4B-00C04F79EFBC}") = "IntroductionToStaticMethods_5_1", "Lessons\IntroductionToStaticMethods_5_1.csproj", "{FF443354-1F07-4C62-BC71-0B5BBE0014CD}"
EndProject
Project("{FAE04EC0-301F-11D3-BF4B-00C04F79EFBC}") = "OverloadingStaticMethods_5_2", "OverloadingStaticMethods_5_2\OverloadingStaticMethods_5_2.csproj", "{469C483B-63A4-458E-9630-8A6ED40BC8FA}"
EndProject
Project("{FAE04EC0-301F-11D3-BF4B-00C04F79EFBC}") = "PassingAnArrayAsAnArgumentToAMethod_5_3", "PassingAnArrayAsAnArgumentToAMethod_5_3\PassingAnArrayAsAnArgumentToAMethod_5_3.csproj", "{6FB8D7AE-3F1B-4BFE-91F5-B2EF69F959AC}"
EndProject
Project("{FAE04EC0-301F-11D3-BF4B-00C04F79EFBC}") = "ArrayResultMethod_5_4", "ArrayResultMethod_5_4\ArrayResultMethod_5_4.csproj", "{F3D95904-620A-4092-94A1-8E8A564FD676}"
EndProject
Project("{FAE04EC0-301F-11D3-BF4B-00C04F79EFBC}") = "MechanismForPassingArgumentsToMethod_5_5", "MechanismForPassingArgumentsToMethod_5_5\MechanismForPassingArgumentsToMethod_5_5.csproj", "{ABA47DA8-0FA6-457B-B6FB-5A9B42A2C45F}"
EndProject
Project("{FAE04EC0-301F-11D3-BF4B-00C04F79EFBC}") = "UninitializedArgument_5_7", "UninitializedArgument\UninitializedArgument_5_7.csproj", "{A23919DF-A355-424F-B5E1-90B63CD704B1}"
EndProject
Project("{FAE04EC0-301F-11D3-BF4B-00C04F79EFBC}") = "UsingRecursion_5_8", "UsingRecursion_5_8\UsingRecursion_5_8.csproj", "{377C14DA-872F-4E13-A193-40AECEE2EAA4}"
EndProject
Project("{FAE04EC0-301F-11D3-BF4B-00C04F79EFBC}") = "MethodsWithAnArbitraryNumberOfArguments_5_9", "MethodsWithAnArbitraryNumberOfArguments_5_9\MethodsWithAnArbitraryNumberOfArguments_5_9.csproj", "{6D399ECB-BA92-48F2-B9DF-304753D41146}"
EndProject
Project("{FAE04EC0-301F-11D3-BF4B-00C04F79EFBC}") = "hw_1_chapter_5", "hw_1_chapter_5\hw_1_chapter_5.csproj", "{F0A234B8-B920-40F6-AE1F-439DFD119979}"
EndProject
Project("{FAE04EC0-301F-11D3-BF4B-00C04F79EFBC}") = "hw_2_chapter_5", "hw_2_chapter_5\hw_2_chapter_5.csproj", "{D3C86129-5DEC-459B-BFBB-17EBDDB542F0}"
EndProject
Project("{FAE04EC0-301F-11D3-BF4B-00C04F79EFBC}") = "hw_3_chapter_5", "hw_3_chapter_5\hw_3_chapter_5.csproj", "{9E923B35-F8A3-43F5-9A17-F4821BD55D5E}"
EndProject
Project("{FAE04EC0-301F-11D3-BF4B-00C04F79EFBC}") = "hw_4_chapter_5", "hw_4_chapter_5\hw_4_chapter_5.csproj", "{0D7C2309-892B-4841-AA1B-F1B62790BAAA}"
EndProject
Project("{FAE04EC0-301F-11D3-BF4B-00C04F79EFBC}") = "hw_5_chapter_5", "hw_5_chapter_5\hw_5_chapter_5.csproj", "{51896B17-668C-44CD-B16E-CB925CEBCDAB}"
EndProject
Project("{FAE04EC0-301F-11D3-BF4B-00C04F79EFBC}") = "hw_6_chapter_5", "hw_6_chapter_5\hw_6_chapter_5.csproj", "{5242AE49-242A-4FA2-A68F-ADFC84445B7D}"
EndProject
Project("{FAE04EC0-301F-11D3-BF4B-00C04F79EFBC}") = "hw_7_chapter_5", "hw_7_chapter_5\hw_7_chapter_5.csproj", "{16097BF8-FB35-46AD-97EA-1C66C67228C6}"
EndProject
Project("{FAE04EC0-301F-11D3-BF4B-00C04F79EFBC}") = "hw_8_chapter_5", "hw_8_chapter_5\hw_8_chapter_5.csproj", "{4E40A169-B570-459A-B7FB-389BF675E16E}"
EndProject
Project("{FAE04EC0-301F-11D3-BF4B-00C04F79EFBC}") = "hw_9_chapter_5", "hw_9_chapter_5\hw_9_chapter_5.csproj", "{A8ACB3EC-79C3-4863-99A6-50FDE3D8EB2E}"
EndProject
Project("{FAE04EC0-301F-11D3-BF4B-00C04F79EFBC}") = "hw_10_chapter_5", "hw_10_chapter_5\hw_10_chapter_5.csproj", "{6C7FA732-2F78-4D6A-9B49-D90FD2E2206C}"
EndProject
Global
	GlobalSection(SolutionConfigurationPlatforms) = preSolution
		Debug|Any CPU = Debug|Any CPU
		Release|Any CPU = Release|Any CPU
	EndGlobalSection
	GlobalSection(ProjectConfigurationPlatforms) = postSolution
		{FF443354-1F07-4C62-BC71-0B5BBE0014CD}.Debug|Any CPU.ActiveCfg = Debug|Any CPU
		{FF443354-1F07-4C62-BC71-0B5BBE0014CD}.Debug|Any CPU.Build.0 = Debug|Any CPU
		{FF443354-1F07-4C62-BC71-0B5BBE0014CD}.Release|Any CPU.ActiveCfg = Release|Any CPU
		{FF443354-1F07-4C62-BC71-0B5BBE0014CD}.Release|Any CPU.Build.0 = Release|Any CPU
		{469C483B-63A4-458E-9630-8A6ED40BC8FA}.Debug|Any CPU.ActiveCfg = Debug|Any CPU
		{469C483B-63A4-458E-9630-8A6ED40BC8FA}.Debug|Any CPU.Build.0 = Debug|Any CPU
		{469C483B-63A4-458E-9630-8A6ED40BC8FA}.Release|Any CPU.ActiveCfg = Release|Any CPU
		{469C483B-63A4-458E-9630-8A6ED40BC8FA}.Release|Any CPU.Build.0 = Release|Any CPU
		{6FB8D7AE-3F1B-4BFE-91F5-B2EF69F959AC}.Debug|Any CPU.ActiveCfg = Debug|Any CPU
		{6FB8D7AE-3F1B-4BFE-91F5-B2EF69F959AC}.Debug|Any CPU.Build.0 = Debug|Any CPU
		{6FB8D7AE-3F1B-4BFE-91F5-B2EF69F959AC}.Release|Any CPU.ActiveCfg = Release|Any CPU
		{6FB8D7AE-3F1B-4BFE-91F5-B2EF69F959AC}.Release|Any CPU.Build.0 = Release|Any CPU
		{F3D95904-620A-4092-94A1-8E8A564FD676}.Debug|Any CPU.ActiveCfg = Debug|Any CPU
		{F3D95904-620A-4092-94A1-8E8A564FD676}.Debug|Any CPU.Build.0 = Debug|Any CPU
		{F3D95904-620A-4092-94A1-8E8A564FD676}.Release|Any CPU.ActiveCfg = Release|Any CPU
		{F3D95904-620A-4092-94A1-8E8A564FD676}.Release|Any CPU.Build.0 = Release|Any CPU
		{ABA47DA8-0FA6-457B-B6FB-5A9B42A2C45F}.Debug|Any CPU.ActiveCfg = Debug|Any CPU
		{ABA47DA8-0FA6-457B-B6FB-5A9B42A2C45F}.Debug|Any CPU.Build.0 = Debug|Any CPU
		{ABA47DA8-0FA6-457B-B6FB-5A9B42A2C45F}.Release|Any CPU.ActiveCfg = Release|Any CPU
		{ABA47DA8-0FA6-457B-B6FB-5A9B42A2C45F}.Release|Any CPU.Build.0 = Release|Any CPU
		{A23919DF-A355-424F-B5E1-90B63CD704B1}.Debug|Any CPU.ActiveCfg = Debug|Any CPU
		{A23919DF-A355-424F-B5E1-90B63CD704B1}.Debug|Any CPU.Build.0 = Debug|Any CPU
		{A23919DF-A355-424F-B5E1-90B63CD704B1}.Release|Any CPU.ActiveCfg = Release|Any CPU
		{A23919DF-A355-424F-B5E1-90B63CD704B1}.Release|Any CPU.Build.0 = Release|Any CPU
		{377C14DA-872F-4E13-A193-40AECEE2EAA4}.Debug|Any CPU.ActiveCfg = Debug|Any CPU
		{377C14DA-872F-4E13-A193-40AECEE2EAA4}.Debug|Any CPU.Build.0 = Debug|Any CPU
		{377C14DA-872F-4E13-A193-40AECEE2EAA4}.Release|Any CPU.ActiveCfg = Release|Any CPU
		{377C14DA-872F-4E13-A193-40AECEE2EAA4}.Release|Any CPU.Build.0 = Release|Any CPU
		{6D399ECB-BA92-48F2-B9DF-304753D41146}.Debug|Any CPU.ActiveCfg = Debug|Any CPU
		{6D399ECB-BA92-48F2-B9DF-304753D41146}.Debug|Any CPU.Build.0 = Debug|Any CPU
		{6D399ECB-BA92-48F2-B9DF-304753D41146}.Release|Any CPU.ActiveCfg = Release|Any CPU
		{6D399ECB-BA92-48F2-B9DF-304753D41146}.Release|Any CPU.Build.0 = Release|Any CPU
		{F0A234B8-B920-40F6-AE1F-439DFD119979}.Debug|Any CPU.ActiveCfg = Debug|Any CPU
		{F0A234B8-B920-40F6-AE1F-439DFD119979}.Debug|Any CPU.Build.0 = Debug|Any CPU
		{F0A234B8-B920-40F6-AE1F-439DFD119979}.Release|Any CPU.ActiveCfg = Release|Any CPU
		{F0A234B8-B920-40F6-AE1F-439DFD119979}.Release|Any CPU.Build.0 = Release|Any CPU
		{D3C86129-5DEC-459B-BFBB-17EBDDB542F0}.Debug|Any CPU.ActiveCfg = Debug|Any CPU
		{D3C86129-5DEC-459B-BFBB-17EBDDB542F0}.Debug|Any CPU.Build.0 = Debug|Any CPU
		{D3C86129-5DEC-459B-BFBB-17EBDDB542F0}.Release|Any CPU.ActiveCfg = Release|Any CPU
		{D3C86129-5DEC-459B-BFBB-17EBDDB542F0}.Release|Any CPU.Build.0 = Release|Any CPU
		{9E923B35-F8A3-43F5-9A17-F4821BD55D5E}.Debug|Any CPU.ActiveCfg = Debug|Any CPU
		{9E923B35-F8A3-43F5-9A17-F4821BD55D5E}.Debug|Any CPU.Build.0 = Debug|Any CPU
		{9E923B35-F8A3-43F5-9A17-F4821BD55D5E}.Release|Any CPU.ActiveCfg = Release|Any CPU
		{9E923B35-F8A3-43F5-9A17-F4821BD55D5E}.Release|Any CPU.Build.0 = Release|Any CPU
		{0D7C2309-892B-4841-AA1B-F1B62790BAAA}.Debug|Any CPU.ActiveCfg = Debug|Any CPU
		{0D7C2309-892B-4841-AA1B-F1B62790BAAA}.Debug|Any CPU.Build.0 = Debug|Any CPU
		{0D7C2309-892B-4841-AA1B-F1B62790BAAA}.Release|Any CPU.ActiveCfg = Release|Any CPU
		{0D7C2309-892B-4841-AA1B-F1B62790BAAA}.Release|Any CPU.Build.0 = Release|Any CPU
		{51896B17-668C-44CD-B16E-CB925CEBCDAB}.Debug|Any CPU.ActiveCfg = Debug|Any CPU
		{51896B17-668C-44CD-B16E-CB925CEBCDAB}.Debug|Any CPU.Build.0 = Debug|Any CPU
		{51896B17-668C-44CD-B16E-CB925CEBCDAB}.Release|Any CPU.ActiveCfg = Release|Any CPU
		{51896B17-668C-44CD-B16E-CB925CEBCDAB}.Release|Any CPU.Build.0 = Release|Any CPU
		{5242AE49-242A-4FA2-A68F-ADFC84445B7D}.Debug|Any CPU.ActiveCfg = Debug|Any CPU
		{5242AE49-242A-4FA2-A68F-ADFC84445B7D}.Debug|Any CPU.Build.0 = Debug|Any CPU
		{5242AE49-242A-4FA2-A68F-ADFC84445B7D}.Release|Any CPU.ActiveCfg = Release|Any CPU
		{5242AE49-242A-4FA2-A68F-ADFC84445B7D}.Release|Any CPU.Build.0 = Release|Any CPU
		{16097BF8-FB35-46AD-97EA-1C66C67228C6}.Debug|Any CPU.ActiveCfg = Debug|Any CPU
		{16097BF8-FB35-46AD-97EA-1C66C67228C6}.Debug|Any CPU.Build.0 = Debug|Any CPU
		{16097BF8-FB35-46AD-97EA-1C66C67228C6}.Release|Any CPU.ActiveCfg = Release|Any CPU
		{16097BF8-FB35-46AD-97EA-1C66C67228C6}.Release|Any CPU.Build.0 = Release|Any CPU
		{4E40A169-B570-459A-B7FB-389BF675E16E}.Debug|Any CPU.ActiveCfg = Debug|Any CPU
		{4E40A169-B570-459A-B7FB-389BF675E16E}.Debug|Any CPU.Build.0 = Debug|Any CPU
		{4E40A169-B570-459A-B7FB-389BF675E16E}.Release|Any CPU.ActiveCfg = Release|Any CPU
		{4E40A169-B570-459A-B7FB-389BF675E16E}.Release|Any CPU.Build.0 = Release|Any CPU
		{A8ACB3EC-79C3-4863-99A6-50FDE3D8EB2E}.Debug|Any CPU.ActiveCfg = Debug|Any CPU
		{A8ACB3EC-79C3-4863-99A6-50FDE3D8EB2E}.Debug|Any CPU.Build.0 = Debug|Any CPU
		{A8ACB3EC-79C3-4863-99A6-50FDE3D8EB2E}.Release|Any CPU.ActiveCfg = Release|Any CPU
		{A8ACB3EC-79C3-4863-99A6-50FDE3D8EB2E}.Release|Any CPU.Build.0 = Release|Any CPU
		{6C7FA732-2F78-4D6A-9B49-D90FD2E2206C}.Debug|Any CPU.ActiveCfg = Debug|Any CPU
		{6C7FA732-2F78-4D6A-9B49-D90FD2E2206C}.Debug|Any CPU.Build.0 = Debug|Any CPU
		{6C7FA732-2F78-4D6A-9B49-D90FD2E2206C}.Release|Any CPU.ActiveCfg = Release|Any CPU
		{6C7FA732-2F78-4D6A-9B49-D90FD2E2206C}.Release|Any CPU.Build.0 = Release|Any CPU
	EndGlobalSection
	GlobalSection(SolutionProperties) = preSolution
		HideSolutionNode = FALSE
	EndGlobalSection
	GlobalSection(ExtensibilityGlobals) = postSolution
		SolutionGuid = {00733635-E7A5-4EBF-97C3-8DC53E5FBFA6}
	EndGlobalSection
EndGlobal
